
Microsoft Visual Studio Solution File, Format Version 12.00
# Visual Studio Version 16
VisualStudioVersion = 16.0.30114.105
MinimumVisualStudioVersion = 10.0.40219.1
Project("{FAE04EC0-301F-11D3-BF4B-00C04F79EFBC}") = "libSimIO", "libsimio\libSimIO.csproj", "{C58A167A-5892-4B06-969A-42421155508C}"
EndProject
Project("{2150E333-8FDC-42A3-9474-1A3956D46DE8}") = "Examples", "Examples", "{D4556C26-B998-4333-AE4F-9D18488C8F98}"
EndProject
Project("{FAE04EC0-301F-11D3-BF4B-00C04F79EFBC}") = "BasicUse", "Examples\BasicUse\BasicUse.csproj", "{8FDA05F6-6C03-4554-BAE3-16CBE6DEF963}"
EndProject
Project("{FAE04EC0-301F-11D3-BF4B-00C04F79EFBC}") = "InputModifiers", "Examples\InputModifiers\InputModifiers.csproj", "{6AEACDF8-653A-4AD3-BD05-35127FC06FCB}"
EndProject
Global
	GlobalSection(SolutionConfigurationPlatforms) = preSolution
		Debug|x64 = Debug|x64
		Release|x64 = Release|x64
	EndGlobalSection
	GlobalSection(SolutionProperties) = preSolution
		HideSolutionNode = FALSE
	EndGlobalSection
	GlobalSection(ProjectConfigurationPlatforms) = postSolution
		{C58A167A-5892-4B06-969A-42421155508C}.Debug|x64.ActiveCfg = Debug|x64
		{C58A167A-5892-4B06-969A-42421155508C}.Debug|x64.Build.0 = Debug|x64
		{C58A167A-5892-4B06-969A-42421155508C}.Release|x64.ActiveCfg = Release|x64
		{C58A167A-5892-4B06-969A-42421155508C}.Release|x64.Build.0 = Release|x64
		{8FDA05F6-6C03-4554-BAE3-16CBE6DEF963}.Debug|x64.ActiveCfg = Debug|x64
		{8FDA05F6-6C03-4554-BAE3-16CBE6DEF963}.Debug|x64.Build.0 = Debug|x64
		{8FDA05F6-6C03-4554-BAE3-16CBE6DEF963}.Release|x64.ActiveCfg = Release|x64
		{8FDA05F6-6C03-4554-BAE3-16CBE6DEF963}.Release|x64.Build.0 = Release|x64
		{6AEACDF8-653A-4AD3-BD05-35127FC06FCB}.Debug|x64.ActiveCfg = Debug|x64
		{6AEACDF8-653A-4AD3-BD05-35127FC06FCB}.Debug|x64.Build.0 = Debug|x64
		{6AEACDF8-653A-4AD3-BD05-35127FC06FCB}.Release|x64.ActiveCfg = Release|x64
		{6AEACDF8-653A-4AD3-BD05-35127FC06FCB}.Release|x64.Build.0 = Release|x64
	EndGlobalSection
	GlobalSection(NestedProjects) = preSolution
		{8FDA05F6-6C03-4554-BAE3-16CBE6DEF963} = {D4556C26-B998-4333-AE4F-9D18488C8F98}
		{6AEACDF8-653A-4AD3-BD05-35127FC06FCB} = {D4556C26-B998-4333-AE4F-9D18488C8F98}
	EndGlobalSection
EndGlobal
